// !$*UTF8*$!
{
	archiveVersion = 1;
	classes = {
	};
	objectVersion = 46;
	objects = {

/* Begin PBXBuildFile section */
		FC424EDD1BF17C0200EC3A78 /* AppDelegate.swift in Sources */ = {isa = PBXBuildFile; fileRef = FC424EDC1BF17C0200EC3A78 /* AppDelegate.swift */; };
		FC424EDF1BF17C0200EC3A78 /* ViewController.swift in Sources */ = {isa = PBXBuildFile; fileRef = FC424EDE1BF17C0200EC3A78 /* ViewController.swift */; };
		FC424EE21BF17C0200EC3A78 /* Main.storyboard in Resources */ = {isa = PBXBuildFile; fileRef = FC424EE01BF17C0200EC3A78 /* Main.storyboard */; };
		FC424EE41BF17C0200EC3A78 /* Assets.xcassets in Resources */ = {isa = PBXBuildFile; fileRef = FC424EE31BF17C0200EC3A78 /* Assets.xcassets */; };
		FC424EE71BF17C0200EC3A78 /* LaunchScreen.storyboard in Resources */ = {isa = PBXBuildFile; fileRef = FC424EE51BF17C0200EC3A78 /* LaunchScreen.storyboard */; };
		FC424EEF1BF17D5C00EC3A78 /* Character.swift in Sources */ = {isa = PBXBuildFile; fileRef = FC424EEE1BF17D5C00EC3A78 /* Character.swift */; };
		FC424EF11BF17ED600EC3A78 /* Player.swift in Sources */ = {isa = PBXBuildFile; fileRef = FC424EF01BF17ED600EC3A78 /* Player.swift */; };
		FC424EF31BF1807500EC3A78 /* Enemy.swift in Sources */ = {isa = PBXBuildFile; fileRef = FC424EF21BF1807500EC3A78 /* Enemy.swift */; };
		FC424EF51BF1830600EC3A78 /* Kimara.swift in Sources */ = {isa = PBXBuildFile; fileRef = FC424EF41BF1830600EC3A78 /* Kimara.swift */; };
		FC424EF71BF1843E00EC3A78 /* Devil.swift in Sources */ = {isa = PBXBuildFile; fileRef = FC424EF61BF1843E00EC3A78 /* Devil.swift */; };
/* End PBXBuildFile section */

/* Begin PBXFileReference section */
		FC424ED91BF17C0200EC3A78 /* battleground-showdown.app */ = {isa = PBXFileReference; explicitFileType = wrapper.application; includeInIndex = 0; path = "battleground-showdown.app"; sourceTree = BUILT_PRODUCTS_DIR; };
		FC424EDC1BF17C0200EC3A78 /* AppDelegate.swift */ = {isa = PBXFileReference; lastKnownFileType = sourcecode.swift; path = AppDelegate.swift; sourceTree = "<group>"; };
		FC424EDE1BF17C0200EC3A78 /* ViewController.swift */ = {isa = PBXFileReference; lastKnownFileType = sourcecode.swift; path = ViewController.swift; sourceTree = "<group>"; };
		FC424EE11BF17C0200EC3A78 /* Base */ = {isa = PBXFileReference; lastKnownFileType = file.storyboard; name = Base; path = Base.lproj/Main.storyboard; sourceTree = "<group>"; };
		FC424EE31BF17C0200EC3A78 /* Assets.xcassets */ = {isa = PBXFileReference; lastKnownFileType = folder.assetcatalog; path = Assets.xcassets; sourceTree = "<group>"; };
		FC424EE61BF17C0200EC3A78 /* Base */ = {isa = PBXFileReference; lastKnownFileType = file.storyboard; name = Base; path = Base.lproj/LaunchScreen.storyboard; sourceTree = "<group>"; };
		FC424EE81BF17C0200EC3A78 /* Info.plist */ = {isa = PBXFileReference; lastKnownFileType = text.plist.xml; path = Info.plist; sourceTree = "<group>"; };
		FC424EEE1BF17D5C00EC3A78 /* Character.swift */ = {isa = PBXFileReference; fileEncoding = 4; lastKnownFileType = sourcecode.swift; path = Character.swift; sourceTree = "<group>"; };
		FC424EF01BF17ED600EC3A78 /* Player.swift */ = {isa = PBXFileReference; fileEncoding = 4; lastKnownFileType = sourcecode.swift; path = Player.swift; sourceTree = "<group>"; };
		FC424EF21BF1807500EC3A78 /* Enemy.swift */ = {isa = PBXFileReference; fileEncoding = 4; lastKnownFileType = sourcecode.swift; path = Enemy.swift; sourceTree = "<group>"; };
		FC424EF41BF1830600EC3A78 /* Kimara.swift */ = {isa = PBXFileReference; fileEncoding = 4; lastKnownFileType = sourcecode.swift; path = Kimara.swift; sourceTree = "<group>"; };
		FC424EF61BF1843E00EC3A78 /* Devil.swift */ = {isa = PBXFileReference; fileEncoding = 4; lastKnownFileType = sourcecode.swift; path = Devil.swift; sourceTree = "<group>"; };
/* End PBXFileReference section */

/* Begin PBXFrameworksBuildPhase section */
		FC424ED61BF17C0200EC3A78 /* Frameworks */ = {
			isa = PBXFrameworksBuildPhase;
			buildActionMask = 2147483647;
			files = (
			);
			runOnlyForDeploymentPostprocessing = 0;
		};
/* End PBXFrameworksBuildPhase section */

/* Begin PBXGroup section */
		FC424ED01BF17C0200EC3A78 = {
			isa = PBXGroup;
			children = (
				FC424EDB1BF17C0200EC3A78 /* battleground-showdown */,
				FC424EDA1BF17C0200EC3A78 /* Products */,
			);
			sourceTree = "<group>";
		};
		FC424EDA1BF17C0200EC3A78 /* Products */ = {
			isa = PBXGroup;
			children = (
				FC424ED91BF17C0200EC3A78 /* battleground-showdown.app */,
			);
			name = Products;
			sourceTree = "<group>";
		};
		FC424EDB1BF17C0200EC3A78 /* battleground-showdown */ = {
			isa = PBXGroup;
			children = (
				FC424EDC1BF17C0200EC3A78 /* AppDelegate.swift */,
				FC424EDE1BF17C0200EC3A78 /* ViewController.swift */,
				FC424EE01BF17C0200EC3A78 /* Main.storyboard */,
				FC424EE31BF17C0200EC3A78 /* Assets.xcassets */,
				FC424EE51BF17C0200EC3A78 /* LaunchScreen.storyboard */,
				FC424EE81BF17C0200EC3A78 /* Info.plist */,
				FC424EEE1BF17D5C00EC3A78 /* Character.swift */,
				FC424EF01BF17ED600EC3A78 /* Player.swift */,
				FC424EF21BF1807500EC3A78 /* Enemy.swift */,
				FC424EF41BF1830600EC3A78 /* Kimara.swift */,
				FC424EF61BF1843E00EC3A78 /* Devil.swift */,
			);
			path = "battleground-showdown";
			sourceTree = "<group>";
		};
/* End PBXGroup section */

/* Begin PBXNativeTarget section */
		FC424ED81BF17C0200EC3A78 /* battleground-showdown */ = {
			isa = PBXNativeTarget;
			buildConfigurationList = FC424EEB1BF17C0200EC3A78 /* Build configuration list for PBXNativeTarget "battleground-showdown" */;
			buildPhases = (
				FC424ED51BF17C0200EC3A78 /* Sources */,
				FC424ED61BF17C0200EC3A78 /* Frameworks */,
				FC424ED71BF17C0200EC3A78 /* Resources */,
			);
			buildRules = (
			);
			dependencies = (
			);
			name = "battleground-showdown";
			productName = "battleground-showdown";
			productReference = FC424ED91BF17C0200EC3A78 /* battleground-showdown.app */;
			productType = "com.apple.product-type.application";
		};
/* End PBXNativeTarget section */

/* Begin PBXProject section */
		FC424ED11BF17C0200EC3A78 /* Project object */ = {
			isa = PBXProject;
			attributes = {
				LastSwiftUpdateCheck = 0710;
				LastUpgradeCheck = 0710;
				ORGANIZATIONNAME = "Kevin Gilboy";
				TargetAttributes = {
					FC424ED81BF17C0200EC3A78 = {
						CreatedOnToolsVersion = 7.1;
					};
				};
			};
			buildConfigurationList = FC424ED41BF17C0200EC3A78 /* Build configuration list for PBXProject "battleground-showdown" */;
			compatibilityVersion = "Xcode 3.2";
			developmentRegion = English;
			hasScannedForEncodings = 0;
			knownRegions = (
				en,
				Base,
			);
			mainGroup = FC424ED01BF17C0200EC3A78;
			productRefGroup = FC424EDA1BF17C0200EC3A78 /* Products */;
			projectDirPath = "";
			projectRoot = "";
			targets = (
				FC424ED81BF17C0200EC3A78 /* battleground-showdown */,
			);
		};
/* End PBXProject section */

/* Begin PBXResourcesBuildPhase section */
		FC424ED71BF17C0200EC3A78 /* Resources */ = {
			isa = PBXResourcesBuildPhase;
			buildActionMask = 2147483647;
			files = (
				FC424EE71BF17C0200EC3A78 /* LaunchScreen.storyboard in Resources */,
				FC424EE41BF17C0200EC3A78 /* Assets.xcassets in Resources */,
				FC424EE21BF17C0200EC3A78 /* Main.storyboard in Resources */,
			);
			runOnlyForDeploymentPostprocessing = 0;
		};
/* End PBXResourcesBuildPhase section */

/* Begin PBXSourcesBuildPhase section */
		FC424ED51BF17C0200EC3A78 /* Sources */ = {
			isa = PBXSourcesBuildPhase;
			buildActionMask = 2147483647;
			files = (
				FC424EF11BF17ED600EC3A78 /* Player.swift in Sources */,
				FC424EF31BF1807500EC3A78 /* Enemy.swift in Sources */,
				FC424EF51BF1830600EC3A78 /* Kimara.swift in Sources */,
				FC424EF71BF1843E00EC3A78 /* Devil.swift in Sources */,
				FC424EEF1BF17D5C00EC3A78 /* Character.swift in Sources */,
				FC424EDF1BF17C0200EC3A78 /* ViewController.swift in Sources */,
				FC424EDD1BF17C0200EC3A78 /* AppDelegate.swift in Sources */,
			);
			runOnlyForDeploymentPostprocessing = 0;
		};
/* End PBXSourcesBuildPhase section */

/* Begin PBXVariantGroup section */
		FC424EE01BF17C0200EC3A78 /* Main.storyboard */ = {
			isa = PBXVariantGroup;
			children = (
				FC424EE11BF17C0200EC3A78 /* Base */,
			);
			name = Main.storyboard;
			sourceTree = "<group>";
		};
		FC424EE51BF17C0200EC3A78 /* LaunchScreen.storyboard */ = {
			isa = PBXVariantGroup;
			children = (
				FC424EE61BF17C0200EC3A78 /* Base */,
			);
			name = LaunchScreen.storyboard;
			sourceTree = "<group>";
		};
/* End PBXVariantGroup section */

/* Begin XCBuildConfiguration section */
		FC424EE91BF17C0200EC3A78 /* Debug */ = {
			isa = XCBuildConfiguration;
			buildSettings = {
				ALWAYS_SEARCH_USER_PATHS = NO;
				CLANG_CXX_LANGUAGE_STANDARD = "gnu++0x";
				CLANG_CXX_LIBRARY = "libc++";
				CLANG_ENABLE_MODULES = YES;
				CLANG_ENABLE_OBJC_ARC = YES;
				CLANG_WARN_BOOL_CONVERSION = YES;
				CLANG_WARN_CONSTANT_CONVERSION = YES;
				CLANG_WARN_DIRECT_OBJC_ISA_USAGE = YES_ERROR;
				CLANG_WARN_EMPTY_BODY = YES;
				CLANG_WARN_ENUM_CONVERSION = YES;
				CLANG_WARN_INT_CONVERSION = YES;
				CLANG_WARN_OBJC_ROOT_CLASS = YES_ERROR;
				CLANG_WARN_UNREACHABLE_CODE = YES;
				CLANG_WARN__DUPLICATE_METHOD_MATCH = YES;
				"CODE_SIGN_IDENTITY[sdk=iphoneos*]" = "iPhone Developer";
				COPY_PHASE_STRIP = NO;
				DEBUG_INFORMATION_FORMAT = dwarf;
				ENABLE_STRICT_OBJC_MSGSEND = YES;
				ENABLE_TESTABILITY = YES;
				GCC_C_LANGUAGE_STANDARD = gnu99;
				GCC_DYNAMIC_NO_PIC = NO;
				GCC_NO_COMMON_BLOCKS = YES;
				GCC_OPTIMIZATION_LEVEL = 0;
				GCC_PREPROCESSOR_DEFINITIONS = (
					"DEBUG=1",
					"$(inherited)",
				);
				GCC_WARN_64_TO_32_BIT_CONVERSION = YES;
				GCC_WARN_ABOUT_RETURN_TYPE = YES_ERROR;
				GCC_WARN_UNDECLARED_SELECTOR = YES;
				GCC_WARN_UNINITIALIZED_AUTOS = YES_AGGRESSIVE;
				GCC_WARN_UNUSED_FUNCTION = YES;
				GCC_WARN_UNUSED_VARIABLE = YES;
				IPHONEOS_DEPLOYMENT_TARGET = 9.1;
				MTL_ENABLE_DEBUG_INFO = YES;
				ONLY_ACTIVE_ARCH = YES;
				SDKROOT = iphoneos;
				SWIFT_OPTIMIZATION_LEVEL = "-Onone";
			};
			name = Debug;
		};
		FC424EEA1BF17C0200EC3A78 /* Release */ = {
			isa = XCBuildConfiguration;
			buildSettings = {
				ALWAYS_SEARCH_USER_PATHS = NO;
				CLANG_CXX_LANGUAGE_STANDARD = "gnu++0x";
				CLANG_CXX_LIBRARY = "libc++";
				CLANG_ENABLE_MODULES = YES;
				CLANG_ENABLE_OBJC_ARC = YES;
				CLANG_WARN_BOOL_CONVERSION = YES;
				CLANG_WARN_CONSTANT_CONVERSION = YES;
				CLANG_WARN_DIRECT_OBJC_ISA_USAGE = YES_ERROR;
				CLANG_WARN_EMPTY_BODY = YES;
				CLANG_WARN_ENUM_CONVERSION = YES;
				CLANG_WARN_INT_CONVERSION = YES;
				CLANG_WARN_OBJC_ROOT_CLASS = YES_ERROR;
				CLANG_WARN_UNREACHABLE_CODE = YES;
				CLANG_WARN__DUPLICATE_METHOD_MATCH = YES;
				"CODE_SIGN_IDENTITY[sdk=iphoneos*]" = "iPhone Developer";
				COPY_PHASE_STRIP = NO;
				DEBUG_INFORMATION_FORMAT = "dwarf-with-dsym";
				ENABLE_NS_ASSERTIONS = NO;
				ENABLE_STRICT_OBJC_MSGSEND = YES;
				GCC_C_LANGUAGE_STANDARD = gnu99;
				GCC_NO_COMMON_BLOCKS = YES;
				GCC_WARN_64_TO_32_BIT_CONVERSION = YES;
				GCC_WARN_ABOUT_RETURN_TYPE = YES_ERROR;
				GCC_WARN_UNDECLARED_SELECTOR = YES;
				GCC_WARN_UNINITIALIZED_AUTOS = YES_AGGRESSIVE;
				GCC_WARN_UNUSED_FUNCTION = YES;
				GCC_WARN_UNUSED_VARIABLE = YES;
				IPHONEOS_DEPLOYMENT_TARGET = 9.1;
				MTL_ENABLE_DEBUG_INFO = NO;
				SDKROOT = iphoneos;
				VALIDATE_PRODUCT = YES;
			};
			name = Release;
		};
		FC424EEC1BF17C0200EC3A78 /* Debug */ = {
			isa = XCBuildConfiguration;
			buildSettings = {
				ASSETCATALOG_COMPILER_APPICON_NAME = AppIcon;
				INFOPLIST_FILE = "battleground-showdown/Info.plist";
				LD_RUNPATH_SEARCH_PATHS = "$(inherited) @executable_path/Frameworks";
				PRODUCT_BUNDLE_IDENTIFIER = "Gilboy.battleground-showdown";
				PRODUCT_NAME = "$(TARGET_NAME)";
			};
			name = Debug;
		};
		FC424EED1BF17C0200EC3A78 /* Release */ = {
			isa = XCBuildConfiguration;
			buildSettings = {
				ASSETCATALOG_COMPILER_APPICON_NAME = AppIcon;
				INFOPLIST_FILE = "battleground-showdown/Info.plist";
				LD_RUNPATH_SEARCH_PATHS = "$(inherited) @executable_path/Frameworks";
				PRODUCT_BUNDLE_IDENTIFIER = "Gilboy.battleground-showdown";
				PRODUCT_NAME = "$(TARGET_NAME)";
			};
			name = Release;
		};
/* End XCBuildConfiguration section */

/* Begin XCConfigurationList section */
		FC424ED41BF17C0200EC3A78 /* Build configuration list for PBXProject "battleground-showdown" */ = {
			isa = XCConfigurationList;
			buildConfigurations = (
				FC424EE91BF17C0200EC3A78 /* Debug */,
				FC424EEA1BF17C0200EC3A78 /* Release */,
			);
			defaultConfigurationIsVisible = 0;
			defaultConfigurationName = Release;
		};
		FC424EEB1BF17C0200EC3A78 /* Build configuration list for PBXNativeTarget "battleground-showdown" */ = {
			isa = XCConfigurationList;
			buildConfigurations = (
				FC424EEC1BF17C0200EC3A78 /* Debug */,
				FC424EED1BF17C0200EC3A78 /* Release */,
			);
			defaultConfigurationIsVisible = 0;
		};
/* End XCConfigurationList section */
	};
	rootObject = FC424ED11BF17C0200EC3A78 /* Project object */;
}
